// !$*UTF8*$!
{
	archiveVersion = 1;
	classes = {
	};
	objectVersion = 77;
	objects = {

/* Begin PBXBuildFile section */
		2A6186D32E6747A3000EC1C4 /* ViewInspector in Frameworks */ = {isa = PBXBuildFile; productRef = 2A6186D22E6747A3000EC1C4 /* ViewInspector */; };
		2ADF33CF2E658F4D002B1808 /* README.md in Resources */ = {isa = PBXBuildFile; fileRef = 2ADF33CE2E658F4D002B1808 /* README.md */; };
/* End PBXBuildFile section */

/* Begin PBXContainerItemProxy section */
		2ADF33A32E658EE7002B1808 /* PBXContainerItemProxy */ = {
			isa = PBXContainerItemProxy;
			containerPortal = 2ADF338C2E658EE6002B1808 /* Project object */;
			proxyType = 1;
			remoteGlobalIDString = 2ADF33932E658EE6002B1808;
			remoteInfo = ChatAPP;
		};
		2ADF33AD2E658EE7002B1808 /* PBXContainerItemProxy */ = {
			isa = PBXContainerItemProxy;
			containerPortal = 2ADF338C2E658EE6002B1808 /* Project object */;
			proxyType = 1;
			remoteGlobalIDString = 2ADF33932E658EE6002B1808;
			remoteInfo = ChatAPP;
		};
/* End PBXContainerItemProxy section */

/* Begin PBXFileReference section */
		2ADF33942E658EE6002B1808 /* ChatAPP.app */ = {isa = PBXFileReference; explicitFileType = wrapper.application; includeInIndex = 0; path = ChatAPP.app; sourceTree = BUILT_PRODUCTS_DIR; };
		2ADF33A22E658EE7002B1808 /* ChatAPPTests.xctest */ = {isa = PBXFileReference; explicitFileType = wrapper.cfbundle; includeInIndex = 0; path = ChatAPPTests.xctest; sourceTree = BUILT_PRODUCTS_DIR; };
		2ADF33AC2E658EE7002B1808 /* ChatAPPUITests.xctest */ = {isa = PBXFileReference; explicitFileType = wrapper.cfbundle; includeInIndex = 0; path = ChatAPPUITests.xctest; sourceTree = BUILT_PRODUCTS_DIR; };
		2ADF33CE2E658F4D002B1808 /* README.md */ = {isa = PBXFileReference; lastKnownFileType = net.daringfireball.markdown; path = README.md; sourceTree = "<group>"; };
/* End PBXFileReference section */

/* Begin PBXFileSystemSynchronizedRootGroup section */
		2ADF33962E658EE6002B1808 /* ChatAPP */ = {
			isa = PBXFileSystemSynchronizedRootGroup;
			path = ChatAPP;
			sourceTree = "<group>";
		};
		2ADF33A52E658EE7002B1808 /* ChatAPPTests */ = {
			isa = PBXFileSystemSynchronizedRootGroup;
			path = ChatAPPTests;
			sourceTree = "<group>";
		};
		2ADF33AF2E658EE7002B1808 /* ChatAPPUITests */ = {
			isa = PBXFileSystemSynchronizedRootGroup;
			path = ChatAPPUITests;
			sourceTree = "<group>";
		};
		2ADF33DD2E659E9D002B1808 /* Entities */ = {
			isa = PBXFileSystemSynchronizedRootGroup;
			path = Entities;
			sourceTree = "<group>";
		};
		2ADF33DE2E659EAA002B1808 /* Views */ = {
			isa = PBXFileSystemSynchronizedRootGroup;
			path = Views;
			sourceTree = "<group>";
		};
		2ADF33DF2E659EB2002B1808 /* UseCases */ = {
			isa = PBXFileSystemSynchronizedRootGroup;
			path = UseCases;
			sourceTree = "<group>";
		};
		2ADF33E02E659EBC002B1808 /* Interface */ = {
			isa = PBXFileSystemSynchronizedRootGroup;
			path = Interface;
			sourceTree = "<group>";
		};
		2ADF33E12E659F29002B1808 /* Resources */ = {
			isa = PBXFileSystemSynchronizedRootGroup;
			path = Resources;
			sourceTree = "<group>";
		};
/* End PBXFileSystemSynchronizedRootGroup section */

/* Begin PBXFrameworksBuildPhase section */
		2ADF33912E658EE6002B1808 /* Frameworks */ = {
			isa = PBXFrameworksBuildPhase;
			buildActionMask = 2147483647;
			files = (
			);
			runOnlyForDeploymentPostprocessing = 0;
		};
		2ADF339F2E658EE7002B1808 /* Frameworks */ = {
			isa = PBXFrameworksBuildPhase;
			buildActionMask = 2147483647;
			files = (
				2A6186D32E6747A3000EC1C4 /* ViewInspector in Frameworks */,
			);
			runOnlyForDeploymentPostprocessing = 0;
		};
		2ADF33A92E658EE7002B1808 /* Frameworks */ = {
			isa = PBXFrameworksBuildPhase;
			buildActionMask = 2147483647;
			files = (
			);
			runOnlyForDeploymentPostprocessing = 0;
		};
/* End PBXFrameworksBuildPhase section */

/* Begin PBXGroup section */
		2ADF338B2E658EE6002B1808 = {
			isa = PBXGroup;
			children = (
				2ADF33CE2E658F4D002B1808 /* README.md */,
				2ADF33E12E659F29002B1808 /* Resources */,
				2ADF33DD2E659E9D002B1808 /* Entities */,
				2ADF33E02E659EBC002B1808 /* Interface */,
				2ADF33DF2E659EB2002B1808 /* UseCases */,
				2ADF33DE2E659EAA002B1808 /* Views */,
				2ADF33962E658EE6002B1808 /* ChatAPP */,
				2ADF33A52E658EE7002B1808 /* ChatAPPTests */,
				2ADF33AF2E658EE7002B1808 /* ChatAPPUITests */,
				2ADF33952E658EE6002B1808 /* Products */,
			);
			sourceTree = "<group>";
		};
		2ADF33952E658EE6002B1808 /* Products */ = {
			isa = PBXGroup;
			children = (
				2ADF33942E658EE6002B1808 /* ChatAPP.app */,
				2ADF33A22E658EE7002B1808 /* ChatAPPTests.xctest */,
				2ADF33AC2E658EE7002B1808 /* ChatAPPUITests.xctest */,
			);
			name = Products;
			sourceTree = "<group>";
		};
/* End PBXGroup section */

/* Begin PBXNativeTarget section */
		2ADF33932E658EE6002B1808 /* ChatAPP */ = {
			isa = PBXNativeTarget;
			buildConfigurationList = 2ADF33B62E658EE7002B1808 /* Build configuration list for PBXNativeTarget "ChatAPP" */;
			buildPhases = (
				2ADF33902E658EE6002B1808 /* Sources */,
				2ADF33912E658EE6002B1808 /* Frameworks */,
				2ADF33922E658EE6002B1808 /* Resources */,
			);
			buildRules = (
			);
			dependencies = (
			);
			fileSystemSynchronizedGroups = (
				2ADF33962E658EE6002B1808 /* ChatAPP */,
				2ADF33DD2E659E9D002B1808 /* Entities */,
				2ADF33DE2E659EAA002B1808 /* Views */,
				2ADF33DF2E659EB2002B1808 /* UseCases */,
				2ADF33E02E659EBC002B1808 /* Interface */,
				2ADF33E12E659F29002B1808 /* Resources */,
			);
			name = ChatAPP;
			packageProductDependencies = (
			);
			productName = ChatAPP;
			productReference = 2ADF33942E658EE6002B1808 /* ChatAPP.app */;
			productType = "com.apple.product-type.application";
		};
		2ADF33A12E658EE7002B1808 /* ChatAPPTests */ = {
			isa = PBXNativeTarget;
			buildConfigurationList = 2ADF33B92E658EE7002B1808 /* Build configuration list for PBXNativeTarget "ChatAPPTests" */;
			buildPhases = (
				2ADF339E2E658EE7002B1808 /* Sources */,
				2ADF339F2E658EE7002B1808 /* Frameworks */,
				2ADF33A02E658EE7002B1808 /* Resources */,
			);
			buildRules = (
			);
			dependencies = (
				2ADF33A42E658EE7002B1808 /* PBXTargetDependency */,
			);
			fileSystemSynchronizedGroups = (
				2ADF33A52E658EE7002B1808 /* ChatAPPTests */,
			);
			name = ChatAPPTests;
			packageProductDependencies = (
				2A6186D22E6747A3000EC1C4 /* ViewInspector */,
			);
			productName = ChatAPPTests;
			productReference = 2ADF33A22E658EE7002B1808 /* ChatAPPTests.xctest */;
			productType = "com.apple.product-type.bundle.unit-test";
		};
		2ADF33AB2E658EE7002B1808 /* ChatAPPUITests */ = {
			isa = PBXNativeTarget;
			buildConfigurationList = 2ADF33BC2E658EE7002B1808 /* Build configuration list for PBXNativeTarget "ChatAPPUITests" */;
			buildPhases = (
				2ADF33A82E658EE7002B1808 /* Sources */,
				2ADF33A92E658EE7002B1808 /* Frameworks */,
				2ADF33AA2E658EE7002B1808 /* Resources */,
			);
			buildRules = (
			);
			dependencies = (
				2ADF33AE2E658EE7002B1808 /* PBXTargetDependency */,
			);
			fileSystemSynchronizedGroups = (
				2ADF33AF2E658EE7002B1808 /* ChatAPPUITests */,
			);
			name = ChatAPPUITests;
			packageProductDependencies = (
			);
			productName = ChatAPPUITests;
			productReference = 2ADF33AC2E658EE7002B1808 /* ChatAPPUITests.xctest */;
			productType = "com.apple.product-type.bundle.ui-testing";
		};
/* End PBXNativeTarget section */

/* Begin PBXProject section */
		2ADF338C2E658EE6002B1808 /* Project object */ = {
			isa = PBXProject;
			attributes = {
				BuildIndependentTargetsInParallel = 1;
				LastSwiftUpdateCheck = 1630;
				LastUpgradeCheck = 1630;
				TargetAttributes = {
					2ADF33932E658EE6002B1808 = {
						CreatedOnToolsVersion = 16.3;
					};
					2ADF33A12E658EE7002B1808 = {
						CreatedOnToolsVersion = 16.3;
						TestTargetID = 2ADF33932E658EE6002B1808;
					};
					2ADF33AB2E658EE7002B1808 = {
						CreatedOnToolsVersion = 16.3;
						TestTargetID = 2ADF33932E658EE6002B1808;
					};
				};
			};
			buildConfigurationList = 2ADF338F2E658EE6002B1808 /* Build configuration list for PBXProject "ChatAPP" */;
			developmentRegion = en;
			hasScannedForEncodings = 0;
			knownRegions = (
				en,
				Base,
			);
			mainGroup = 2ADF338B2E658EE6002B1808;
			minimizedProjectReferenceProxies = 1;
			packageReferences = (
				2A6186CF2E6746FE000EC1C4 /* XCRemoteSwiftPackageReference "ViewInspector" */,
			);
			preferredProjectObjectVersion = 77;
			productRefGroup = 2ADF33952E658EE6002B1808 /* Products */;
			projectDirPath = "";
			projectRoot = "";
			targets = (
				2ADF33932E658EE6002B1808 /* ChatAPP */,
				2ADF33A12E658EE7002B1808 /* ChatAPPTests */,
				2ADF33AB2E658EE7002B1808 /* ChatAPPUITests */,
			);
		};
/* End PBXProject section */

/* Begin PBXResourcesBuildPhase section */
		2ADF33922E658EE6002B1808 /* Resources */ = {
			isa = PBXResourcesBuildPhase;
			buildActionMask = 2147483647;
			files = (
				2ADF33CF2E658F4D002B1808 /* README.md in Resources */,
			);
			runOnlyForDeploymentPostprocessing = 0;
		};
		2ADF33A02E658EE7002B1808 /* Resources */ = {
			isa = PBXResourcesBuildPhase;
			buildActionMask = 2147483647;
			files = (
			);
			runOnlyForDeploymentPostprocessing = 0;
		};
		2ADF33AA2E658EE7002B1808 /* Resources */ = {
			isa = PBXResourcesBuildPhase;
			buildActionMask = 2147483647;
			files = (
			);
			runOnlyForDeploymentPostprocessing = 0;
		};
/* End PBXResourcesBuildPhase section */

/* Begin PBXSourcesBuildPhase section */
		2ADF33902E658EE6002B1808 /* Sources */ = {
			isa = PBXSourcesBuildPhase;
			buildActionMask = 2147483647;
			files = (
			);
			runOnlyForDeploymentPostprocessing = 0;
		};
		2ADF339E2E658EE7002B1808 /* Sources */ = {
			isa = PBXSourcesBuildPhase;
			buildActionMask = 2147483647;
			files = (
			);
			runOnlyForDeploymentPostprocessing = 0;
		};
		2ADF33A82E658EE7002B1808 /* Sources */ = {
			isa = PBXSourcesBuildPhase;
			buildActionMask = 2147483647;
			files = (
			);
			runOnlyForDeploymentPostprocessing = 0;
		};
/* End PBXSourcesBuildPhase section */

/* Begin PBXTargetDependency section */
		2ADF33A42E658EE7002B1808 /* PBXTargetDependency */ = {
			isa = PBXTargetDependency;
			target = 2ADF33932E658EE6002B1808 /* ChatAPP */;
			targetProxy = 2ADF33A32E658EE7002B1808 /* PBXContainerItemProxy */;
		};
		2ADF33AE2E658EE7002B1808 /* PBXTargetDependency */ = {
			isa = PBXTargetDependency;
			target = 2ADF33932E658EE6002B1808 /* ChatAPP */;
			targetProxy = 2ADF33AD2E658EE7002B1808 /* PBXContainerItemProxy */;
		};
/* End PBXTargetDependency section */

/* Begin XCBuildConfiguration section */
		2ADF33B42E658EE7002B1808 /* Debug */ = {
			isa = XCBuildConfiguration;
			buildSettings = {
				ALWAYS_SEARCH_USER_PATHS = NO;
				ASSETCATALOG_COMPILER_GENERATE_SWIFT_ASSET_SYMBOL_EXTENSIONS = YES;
				CLANG_ANALYZER_NONNULL = YES;
				CLANG_ANALYZER_NUMBER_OBJECT_CONVERSION = YES_AGGRESSIVE;
				CLANG_CXX_LANGUAGE_STANDARD = "gnu++20";
				CLANG_ENABLE_MODULES = YES;
				CLANG_ENABLE_OBJC_ARC = YES;
				CLANG_ENABLE_OBJC_WEAK = YES;
				CLANG_WARN_BLOCK_CAPTURE_AUTORELEASING = YES;
				CLANG_WARN_BOOL_CONVERSION = YES;
				CLANG_WARN_COMMA = YES;
				CLANG_WARN_CONSTANT_CONVERSION = YES;
				CLANG_WARN_DEPRECATED_OBJC_IMPLEMENTATIONS = YES;
				CLANG_WARN_DIRECT_OBJC_ISA_USAGE = YES_ERROR;
				CLANG_WARN_DOCUMENTATION_COMMENTS = YES;
				CLANG_WARN_EMPTY_BODY = YES;
				CLANG_WARN_ENUM_CONVERSION = YES;
				CLANG_WARN_INFINITE_RECURSION = YES;
				CLANG_WARN_INT_CONVERSION = YES;
				CLANG_WARN_NON_LITERAL_NULL_CONVERSION = YES;
				CLANG_WARN_OBJC_IMPLICIT_RETAIN_SELF = YES;
				CLANG_WARN_OBJC_LITERAL_CONVERSION = YES;
				CLANG_WARN_OBJC_ROOT_CLASS = YES_ERROR;
				CLANG_WARN_QUOTED_INCLUDE_IN_FRAMEWORK_HEADER = YES;
				CLANG_WARN_RANGE_LOOP_ANALYSIS = YES;
				CLANG_WARN_STRICT_PROTOTYPES = YES;
				CLANG_WARN_SUSPICIOUS_MOVE = YES;
				CLANG_WARN_UNGUARDED_AVAILABILITY = YES_AGGRESSIVE;
				CLANG_WARN_UNREACHABLE_CODE = YES;
				CLANG_WARN__DUPLICATE_METHOD_MATCH = YES;
				COPY_PHASE_STRIP = NO;
				DEBUG_INFORMATION_FORMAT = dwarf;
				ENABLE_STRICT_OBJC_MSGSEND = YES;
				ENABLE_TESTABILITY = YES;
				ENABLE_USER_SCRIPT_SANDBOXING = YES;
				GCC_C_LANGUAGE_STANDARD = gnu17;
				GCC_DYNAMIC_NO_PIC = NO;
				GCC_NO_COMMON_BLOCKS = YES;
				GCC_OPTIMIZATION_LEVEL = 0;
				GCC_PREPROCESSOR_DEFINITIONS = (
					"DEBUG=1",
					"$(inherited)",
				);
				GCC_WARN_64_TO_32_BIT_CONVERSION = YES;
				GCC_WARN_ABOUT_RETURN_TYPE = YES_ERROR;
				GCC_WARN_UNDECLARED_SELECTOR = YES;
				GCC_WARN_UNINITIALIZED_AUTOS = YES_AGGRESSIVE;
				GCC_WARN_UNUSED_FUNCTION = YES;
				GCC_WARN_UNUSED_VARIABLE = YES;
				LOCALIZATION_PREFERS_STRING_CATALOGS = YES;
				MTL_ENABLE_DEBUG_INFO = INCLUDE_SOURCE;
				MTL_FAST_MATH = YES;
				ONLY_ACTIVE_ARCH = YES;
				SWIFT_ACTIVE_COMPILATION_CONDITIONS = "DEBUG $(inherited)";
				SWIFT_OPTIMIZATION_LEVEL = "-Onone";
			};
			name = Debug;
		};
		2ADF33B52E658EE7002B1808 /* Release */ = {
			isa = XCBuildConfiguration;
			buildSettings = {
				ALWAYS_SEARCH_USER_PATHS = NO;
				ASSETCATALOG_COMPILER_GENERATE_SWIFT_ASSET_SYMBOL_EXTENSIONS = YES;
				CLANG_ANALYZER_NONNULL = YES;
				CLANG_ANALYZER_NUMBER_OBJECT_CONVERSION = YES_AGGRESSIVE;
				CLANG_CXX_LANGUAGE_STANDARD = "gnu++20";
				CLANG_ENABLE_MODULES = YES;
				CLANG_ENABLE_OBJC_ARC = YES;
				CLANG_ENABLE_OBJC_WEAK = YES;
				CLANG_WARN_BLOCK_CAPTURE_AUTORELEASING = YES;
				CLANG_WARN_BOOL_CONVERSION = YES;
				CLANG_WARN_COMMA = YES;
				CLANG_WARN_CONSTANT_CONVERSION = YES;
				CLANG_WARN_DEPRECATED_OBJC_IMPLEMENTATIONS = YES;
				CLANG_WARN_DIRECT_OBJC_ISA_USAGE = YES_ERROR;
				CLANG_WARN_DOCUMENTATION_COMMENTS = YES;
				CLANG_WARN_EMPTY_BODY = YES;
				CLANG_WARN_ENUM_CONVERSION = YES;
				CLANG_WARN_INFINITE_RECURSION = YES;
				CLANG_WARN_INT_CONVERSION = YES;
				CLANG_WARN_NON_LITERAL_NULL_CONVERSION = YES;
				CLANG_WARN_OBJC_IMPLICIT_RETAIN_SELF = YES;
				CLANG_WARN_OBJC_LITERAL_CONVERSION = YES;
				CLANG_WARN_OBJC_ROOT_CLASS = YES_ERROR;
				CLANG_WARN_QUOTED_INCLUDE_IN_FRAMEWORK_HEADER = YES;
				CLANG_WARN_RANGE_LOOP_ANALYSIS = YES;
				CLANG_WARN_STRICT_PROTOTYPES = YES;
				CLANG_WARN_SUSPICIOUS_MOVE = YES;
				CLANG_WARN_UNGUARDED_AVAILABILITY = YES_AGGRESSIVE;
				CLANG_WARN_UNREACHABLE_CODE = YES;
				CLANG_WARN__DUPLICATE_METHOD_MATCH = YES;
				COPY_PHASE_STRIP = NO;
				DEBUG_INFORMATION_FORMAT = "dwarf-with-dsym";
				ENABLE_NS_ASSERTIONS = NO;
				ENABLE_STRICT_OBJC_MSGSEND = YES;
				ENABLE_USER_SCRIPT_SANDBOXING = YES;
				GCC_C_LANGUAGE_STANDARD = gnu17;
				GCC_NO_COMMON_BLOCKS = YES;
				GCC_WARN_64_TO_32_BIT_CONVERSION = YES;
				GCC_WARN_ABOUT_RETURN_TYPE = YES_ERROR;
				GCC_WARN_UNDECLARED_SELECTOR = YES;
				GCC_WARN_UNINITIALIZED_AUTOS = YES_AGGRESSIVE;
				GCC_WARN_UNUSED_FUNCTION = YES;
				GCC_WARN_UNUSED_VARIABLE = YES;
				LOCALIZATION_PREFERS_STRING_CATALOGS = YES;
				MTL_ENABLE_DEBUG_INFO = NO;
				MTL_FAST_MATH = YES;
				SWIFT_COMPILATION_MODE = wholemodule;
			};
			name = Release;
		};
		2ADF33B72E658EE7002B1808 /* Debug */ = {
			isa = XCBuildConfiguration;
			buildSettings = {
				ASSETCATALOG_COMPILER_APPICON_NAME = AppIcon;
				ASSETCATALOG_COMPILER_GLOBAL_ACCENT_COLOR_NAME = AccentColor;
				CODE_SIGN_ENTITLEMENTS = ChatAPP/ChatAPP.entitlements;
				CODE_SIGN_STYLE = Automatic;
				CURRENT_PROJECT_VERSION = 1;
				ENABLE_PREVIEWS = YES;
				GENERATE_INFOPLIST_FILE = YES;
				"INFOPLIST_KEY_UIApplicationSceneManifest_Generation[sdk=iphoneos*]" = YES;
				"INFOPLIST_KEY_UIApplicationSceneManifest_Generation[sdk=iphonesimulator*]" = YES;
				"INFOPLIST_KEY_UIApplicationSupportsIndirectInputEvents[sdk=iphoneos*]" = YES;
				"INFOPLIST_KEY_UIApplicationSupportsIndirectInputEvents[sdk=iphonesimulator*]" = YES;
				"INFOPLIST_KEY_UILaunchScreen_Generation[sdk=iphoneos*]" = YES;
				"INFOPLIST_KEY_UILaunchScreen_Generation[sdk=iphonesimulator*]" = YES;
				"INFOPLIST_KEY_UIStatusBarStyle[sdk=iphoneos*]" = UIStatusBarStyleDefault;
				"INFOPLIST_KEY_UIStatusBarStyle[sdk=iphonesimulator*]" = UIStatusBarStyleDefault;
				INFOPLIST_KEY_UISupportedInterfaceOrientations_iPad = "UIInterfaceOrientationPortrait UIInterfaceOrientationPortraitUpsideDown UIInterfaceOrientationLandscapeLeft UIInterfaceOrientationLandscapeRight";
				INFOPLIST_KEY_UISupportedInterfaceOrientations_iPhone = "UIInterfaceOrientationPortrait UIInterfaceOrientationLandscapeLeft UIInterfaceOrientationLandscapeRight";
				IPHONEOS_DEPLOYMENT_TARGET = 17.0;
				LD_RUNPATH_SEARCH_PATHS = "@executable_path/Frameworks";
				"LD_RUNPATH_SEARCH_PATHS[sdk=macosx*]" = "@executable_path/../Frameworks";
				MACOSX_DEPLOYMENT_TARGET = 15.2;
				MARKETING_VERSION = 1.0;
				PRODUCT_BUNDLE_IDENTIFIER = com.sample.ChatAPP;
				PRODUCT_NAME = "$(TARGET_NAME)";
				REGISTER_APP_GROUPS = YES;
				SDKROOT = auto;
				SUPPORTED_PLATFORMS = "iphoneos iphonesimulator macosx xros xrsimulator";
				SWIFT_EMIT_LOC_STRINGS = YES;
				SWIFT_VERSION = 5.0;
				TARGETED_DEVICE_FAMILY = "1,2,7";
				XROS_DEPLOYMENT_TARGET = 2.4;
			};
			name = Debug;
		};
		2ADF33B82E658EE7002B1808 /* Release */ = {
			isa = XCBuildConfiguration;
			buildSettings = {
				ASSETCATALOG_COMPILER_APPICON_NAME = AppIcon;
				ASSETCATALOG_COMPILER_GLOBAL_ACCENT_COLOR_NAME = AccentColor;
				CODE_SIGN_ENTITLEMENTS = ChatAPP/ChatAPP.entitlements;
				CODE_SIGN_STYLE = Automatic;
				CURRENT_PROJECT_VERSION = 1;
				ENABLE_PREVIEWS = YES;
				GENERATE_INFOPLIST_FILE = YES;
				"INFOPLIST_KEY_UIApplicationSceneManifest_Generation[sdk=iphoneos*]" = YES;
				"INFOPLIST_KEY_UIApplicationSceneManifest_Generation[sdk=iphonesimulator*]" = YES;
				"INFOPLIST_KEY_UIApplicationSupportsIndirectInputEvents[sdk=iphoneos*]" = YES;
				"INFOPLIST_KEY_UIApplicationSupportsIndirectInputEvents[sdk=iphonesimulator*]" = YES;
				"INFOPLIST_KEY_UILaunchScreen_Generation[sdk=iphoneos*]" = YES;
				"INFOPLIST_KEY_UILaunchScreen_Generation[sdk=iphonesimulator*]" = YES;
				"INFOPLIST_KEY_UIStatusBarStyle[sdk=iphoneos*]" = UIStatusBarStyleDefault;
				"INFOPLIST_KEY_UIStatusBarStyle[sdk=iphonesimulator*]" = UIStatusBarStyleDefault;
				INFOPLIST_KEY_UISupportedInterfaceOrientations_iPad = "UIInterfaceOrientationPortrait UIInterfaceOrientationPortraitUpsideDown UIInterfaceOrientationLandscapeLeft UIInterfaceOrientationLandscapeRight";
				INFOPLIST_KEY_UISupportedInterfaceOrientations_iPhone = "UIInterfaceOrientationPortrait UIInterfaceOrientationLandscapeLeft UIInterfaceOrientationLandscapeRight";
				IPHONEOS_DEPLOYMENT_TARGET = 17.0;
				LD_RUNPATH_SEARCH_PATHS = "@executable_path/Frameworks";
				"LD_RUNPATH_SEARCH_PATHS[sdk=macosx*]" = "@executable_path/../Frameworks";
				MACOSX_DEPLOYMENT_TARGET = 15.2;
				MARKETING_VERSION = 1.0;
				PRODUCT_BUNDLE_IDENTIFIER = com.sample.ChatAPP;
				PRODUCT_NAME = "$(TARGET_NAME)";
				REGISTER_APP_GROUPS = YES;
				SDKROOT = auto;
				SUPPORTED_PLATFORMS = "iphoneos iphonesimulator macosx xros xrsimulator";
				SWIFT_EMIT_LOC_STRINGS = YES;
				SWIFT_VERSION = 5.0;
				TARGETED_DEVICE_FAMILY = "1,2,7";
				XROS_DEPLOYMENT_TARGET = 2.4;
			};
			name = Release;
		};
		2ADF33BA2E658EE7002B1808 /* Debug */ = {
			isa = XCBuildConfiguration;
			buildSettings = {
				BUNDLE_LOADER = "$(TEST_HOST)";
				CODE_SIGN_STYLE = Automatic;
				CURRENT_PROJECT_VERSION = 1;
				GENERATE_INFOPLIST_FILE = YES;
				IPHONEOS_DEPLOYMENT_TARGET = 18.4;
				MACOSX_DEPLOYMENT_TARGET = 15.2;
				MARKETING_VERSION = 1.0;
				PRODUCT_BUNDLE_IDENTIFIER = com.sample.ChatAPPTests;
				PRODUCT_NAME = "$(TARGET_NAME)";
				SDKROOT = auto;
				SUPPORTED_PLATFORMS = "iphoneos iphonesimulator macosx xros xrsimulator";
				SWIFT_EMIT_LOC_STRINGS = NO;
				SWIFT_VERSION = 5.0;
				TARGETED_DEVICE_FAMILY = "1,2,7";
				TEST_HOST = "$(BUILT_PRODUCTS_DIR)/ChatAPP.app/$(BUNDLE_EXECUTABLE_FOLDER_PATH)/ChatAPP";
				XROS_DEPLOYMENT_TARGET = 2.4;
			};
			name = Debug;
		};
		2ADF33BB2E658EE7002B1808 /* Release */ = {
			isa = XCBuildConfiguration;
			buildSettings = {
				BUNDLE_LOADER = "$(TEST_HOST)";
				CODE_SIGN_STYLE = Automatic;
				CURRENT_PROJECT_VERSION = 1;
				GENERATE_INFOPLIST_FILE = YES;
				IPHONEOS_DEPLOYMENT_TARGET = 18.4;
				MACOSX_DEPLOYMENT_TARGET = 15.2;
				MARKETING_VERSION = 1.0;
				PRODUCT_BUNDLE_IDENTIFIER = com.sample.ChatAPPTests;
				PRODUCT_NAME = "$(TARGET_NAME)";
				SDKROOT = auto;
				SUPPORTED_PLATFORMS = "iphoneos iphonesimulator macosx xros xrsimulator";
				SWIFT_EMIT_LOC_STRINGS = NO;
				SWIFT_VERSION = 5.0;
				TARGETED_DEVICE_FAMILY = "1,2,7";
				TEST_HOST = "$(BUILT_PRODUCTS_DIR)/ChatAPP.app/$(BUNDLE_EXECUTABLE_FOLDER_PATH)/ChatAPP";
				XROS_DEPLOYMENT_TARGET = 2.4;
			};
			name = Release;
		};
		2ADF33BD2E658EE7002B1808 /* Debug */ = {
			isa = XCBuildConfiguration;
			buildSettings = {
				CODE_SIGN_STYLE = Automatic;
				CURRENT_PROJECT_VERSION = 1;
				GENERATE_INFOPLIST_FILE = YES;
				IPHONEOS_DEPLOYMENT_TARGET = 18.4;
				MACOSX_DEPLOYMENT_TARGET = 15.2;
				MARKETING_VERSION = 1.0;
				PRODUCT_BUNDLE_IDENTIFIER = com.sample.ChatAPPUITests;
				PRODUCT_NAME = "$(TARGET_NAME)";
				SDKROOT = auto;
				SUPPORTED_PLATFORMS = "iphoneos iphonesimulator macosx xros xrsimulator";
				SWIFT_EMIT_LOC_STRINGS = NO;
				SWIFT_VERSION = 5.0;
				TARGETED_DEVICE_FAMILY = "1,2,7";
				TEST_TARGET_NAME = ChatAPP;
				XROS_DEPLOYMENT_TARGET = 2.4;
			};
			name = Debug;
		};
		2ADF33BE2E658EE7002B1808 /* Release */ = {
			isa = XCBuildConfiguration;
			buildSettings = {
				CODE_SIGN_STYLE = Automatic;
				CURRENT_PROJECT_VERSION = 1;
				GENERATE_INFOPLIST_FILE = YES;
				IPHONEOS_DEPLOYMENT_TARGET = 18.4;
				MACOSX_DEPLOYMENT_TARGET = 15.2;
				MARKETING_VERSION = 1.0;
				PRODUCT_BUNDLE_IDENTIFIER = com.sample.ChatAPPUITests;
				PRODUCT_NAME = "$(TARGET_NAME)";
				SDKROOT = auto;
				SUPPORTED_PLATFORMS = "iphoneos iphonesimulator macosx xros xrsimulator";
				SWIFT_EMIT_LOC_STRINGS = NO;
				SWIFT_VERSION = 5.0;
				TARGETED_DEVICE_FAMILY = "1,2,7";
				TEST_TARGET_NAME = ChatAPP;
				XROS_DEPLOYMENT_TARGET = 2.4;
			};
			name = Release;
		};
/* End XCBuildConfiguration section */

/* Begin XCConfigurationList section */
		2ADF338F2E658EE6002B1808 /* Build configuration list for PBXProject "ChatAPP" */ = {
			isa = XCConfigurationList;
			buildConfigurations = (
				2ADF33B42E658EE7002B1808 /* Debug */,
				2ADF33B52E658EE7002B1808 /* Release */,
			);
			defaultConfigurationIsVisible = 0;
			defaultConfigurationName = Release;
		};
		2ADF33B62E658EE7002B1808 /* Build configuration list for PBXNativeTarget "ChatAPP" */ = {
			isa = XCConfigurationList;
			buildConfigurations = (
				2ADF33B72E658EE7002B1808 /* Debug */,
				2ADF33B82E658EE7002B1808 /* Release */,
			);
			defaultConfigurationIsVisible = 0;
			defaultConfigurationName = Release;
		};
		2ADF33B92E658EE7002B1808 /* Build configuration list for PBXNativeTarget "ChatAPPTests" */ = {
			isa = XCConfigurationList;
			buildConfigurations = (
				2ADF33BA2E658EE7002B1808 /* Debug */,
				2ADF33BB2E658EE7002B1808 /* Release */,
			);
			defaultConfigurationIsVisible = 0;
			defaultConfigurationName = Release;
		};
		2ADF33BC2E658EE7002B1808 /* Build configuration list for PBXNativeTarget "ChatAPPUITests" */ = {
			isa = XCConfigurationList;
			buildConfigurations = (
				2ADF33BD2E658EE7002B1808 /* Debug */,
				2ADF33BE2E658EE7002B1808 /* Release */,
			);
			defaultConfigurationIsVisible = 0;
			defaultConfigurationName = Release;
		};
/* End XCConfigurationList section */

/* Begin XCRemoteSwiftPackageReference section */
		2A6186CF2E6746FE000EC1C4 /* XCRemoteSwiftPackageReference "ViewInspector" */ = {
			isa = XCRemoteSwiftPackageReference;
			repositoryURL = "https://github.com/nalexn/ViewInspector";
			requirement = {
				kind = upToNextMajorVersion;
				minimumVersion = 0.10.2;
			};
		};
/* End XCRemoteSwiftPackageReference section */

/* Begin XCSwiftPackageProductDependency section */
		2A6186D22E6747A3000EC1C4 /* ViewInspector */ = {
			isa = XCSwiftPackageProductDependency;
			package = 2A6186CF2E6746FE000EC1C4 /* XCRemoteSwiftPackageReference "ViewInspector" */;
			productName = ViewInspector;
		};
/* End XCSwiftPackageProductDependency section */
	};
	rootObject = 2ADF338C2E658EE6002B1808 /* Project object */;
}
